// !$*UTF8*$!
{
	archiveVersion = 1;
	classes = {
	};
	objectVersion = 55;
	objects = {

/* Begin PBXBuildFile section */
		6A3821162933BAAB002874BF /* WriteDiaryViewController.swift in Sources */ = {isa = PBXBuildFile; fileRef = 6A3821152933BAAB002874BF /* WriteDiaryViewController.swift */; };
		6A4114C629484675001EF788 /* DiaryMode.swift in Sources */ = {isa = PBXBuildFile; fileRef = 6A4114C529484675001EF788 /* DiaryMode.swift */; };
		6A568692294DB0D1003997A8 /* Section.swift in Sources */ = {isa = PBXBuildFile; fileRef = 6A568691294DB0D1003997A8 /* Section.swift */; };
		6A61FD202933ACFE00CC3FDD /* DiaryCollectionViewCell.swift in Sources */ = {isa = PBXBuildFile; fileRef = 6A61FD1F2933ACFE00CC3FDD /* DiaryCollectionViewCell.swift */; };
		6A61FD222933AD4C00CC3FDD /* StarViewController.swift in Sources */ = {isa = PBXBuildFile; fileRef = 6A61FD212933AD4C00CC3FDD /* StarViewController.swift */; };
		6A61FD262933B0AA00CC3FDD /* StarCollectionViewCell.swift in Sources */ = {isa = PBXBuildFile; fileRef = 6A61FD252933B0AA00CC3FDD /* StarCollectionViewCell.swift */; };
		6A6583A82946F6E9006BE7E2 /* DiaryFormat.swift in Sources */ = {isa = PBXBuildFile; fileRef = 6A6583A72946F6E9006BE7E2 /* DiaryFormat.swift */; };
		6A6583AB29470D8F006BE7E2 /* CALayer+Extension.swift in Sources */ = {isa = PBXBuildFile; fileRef = 6A6583AA29470D8F006BE7E2 /* CALayer+Extension.swift */; };
		6A768D9629347AC200C53678 /* DiaryDetailStoryboard.storyboard in Resources */ = {isa = PBXBuildFile; fileRef = 6A768D9529347AC200C53678 /* DiaryDetailStoryboard.storyboard */; };
		6A768D9829347AD100C53678 /* DiaryDetailViewController.swift in Sources */ = {isa = PBXBuildFile; fileRef = 6A768D9729347AD100C53678 /* DiaryDetailViewController.swift */; };
		6AC05F012940D388000E0B8E /* Diary.swift in Sources */ = {isa = PBXBuildFile; fileRef = 6AC05F002940D388000E0B8E /* Diary.swift */; };
		6AC05F042940D94C000E0B8E /* WriteDiaryDelegateProtocol.swift in Sources */ = {isa = PBXBuildFile; fileRef = 6AC05F032940D94C000E0B8E /* WriteDiaryDelegateProtocol.swift */; };
		6AE5180229554FC0007EE484 /* NotificationEnum.swift in Sources */ = {isa = PBXBuildFile; fileRef = 6AE5180129554FC0007EE484 /* NotificationEnum.swift */; };
		6AEF4335293244930037A9F1 /* AppDelegate.swift in Sources */ = {isa = PBXBuildFile; fileRef = 6AEF4334293244930037A9F1 /* AppDelegate.swift */; };
		6AEF4337293244930037A9F1 /* SceneDelegate.swift in Sources */ = {isa = PBXBuildFile; fileRef = 6AEF4336293244930037A9F1 /* SceneDelegate.swift */; };
		6AEF4339293244930037A9F1 /* DiaryViewController.swift in Sources */ = {isa = PBXBuildFile; fileRef = 6AEF4338293244930037A9F1 /* DiaryViewController.swift */; };
		6AEF433C293244930037A9F1 /* Main.storyboard in Resources */ = {isa = PBXBuildFile; fileRef = 6AEF433A293244930037A9F1 /* Main.storyboard */; };
		6AEF433E293244940037A9F1 /* Assets.xcassets in Resources */ = {isa = PBXBuildFile; fileRef = 6AEF433D293244940037A9F1 /* Assets.xcassets */; };
		6AEF4341293244940037A9F1 /* LaunchScreen.storyboard in Resources */ = {isa = PBXBuildFile; fileRef = 6AEF433F293244940037A9F1 /* LaunchScreen.storyboard */; };
/* End PBXBuildFile section */

/* Begin PBXFileReference section */
		6A3821152933BAAB002874BF /* WriteDiaryViewController.swift */ = {isa = PBXFileReference; lastKnownFileType = sourcecode.swift; path = WriteDiaryViewController.swift; sourceTree = "<group>"; };
		6A4114C529484675001EF788 /* DiaryMode.swift */ = {isa = PBXFileReference; lastKnownFileType = sourcecode.swift; path = DiaryMode.swift; sourceTree = "<group>"; };
		6A568691294DB0D1003997A8 /* Section.swift */ = {isa = PBXFileReference; lastKnownFileType = sourcecode.swift; path = Section.swift; sourceTree = "<group>"; };
		6A61FD1F2933ACFE00CC3FDD /* DiaryCollectionViewCell.swift */ = {isa = PBXFileReference; lastKnownFileType = sourcecode.swift; path = DiaryCollectionViewCell.swift; sourceTree = "<group>"; };
		6A61FD212933AD4C00CC3FDD /* StarViewController.swift */ = {isa = PBXFileReference; lastKnownFileType = sourcecode.swift; path = StarViewController.swift; sourceTree = "<group>"; };
		6A61FD252933B0AA00CC3FDD /* StarCollectionViewCell.swift */ = {isa = PBXFileReference; lastKnownFileType = sourcecode.swift; path = StarCollectionViewCell.swift; sourceTree = "<group>"; };
		6A6583A72946F6E9006BE7E2 /* DiaryFormat.swift */ = {isa = PBXFileReference; lastKnownFileType = sourcecode.swift; path = DiaryFormat.swift; sourceTree = "<group>"; };
		6A6583AA29470D8F006BE7E2 /* CALayer+Extension.swift */ = {isa = PBXFileReference; lastKnownFileType = sourcecode.swift; path = "CALayer+Extension.swift"; sourceTree = "<group>"; };
		6A768D9529347AC200C53678 /* DiaryDetailStoryboard.storyboard */ = {isa = PBXFileReference; lastKnownFileType = file.storyboard; path = DiaryDetailStoryboard.storyboard; sourceTree = "<group>"; };
		6A768D9729347AD100C53678 /* DiaryDetailViewController.swift */ = {isa = PBXFileReference; lastKnownFileType = sourcecode.swift; path = DiaryDetailViewController.swift; sourceTree = "<group>"; };
		6AC05F002940D388000E0B8E /* Diary.swift */ = {isa = PBXFileReference; lastKnownFileType = sourcecode.swift; path = Diary.swift; sourceTree = "<group>"; };
		6AC05F032940D94C000E0B8E /* WriteDiaryDelegateProtocol.swift */ = {isa = PBXFileReference; lastKnownFileType = sourcecode.swift; path = WriteDiaryDelegateProtocol.swift; sourceTree = "<group>"; };
		6AE5180129554FC0007EE484 /* NotificationEnum.swift */ = {isa = PBXFileReference; lastKnownFileType = sourcecode.swift; path = NotificationEnum.swift; sourceTree = "<group>"; };
		6AEF4331293244930037A9F1 /* Diary.app */ = {isa = PBXFileReference; explicitFileType = wrapper.application; includeInIndex = 0; path = Diary.app; sourceTree = BUILT_PRODUCTS_DIR; };
		6AEF4334293244930037A9F1 /* AppDelegate.swift */ = {isa = PBXFileReference; lastKnownFileType = sourcecode.swift; path = AppDelegate.swift; sourceTree = "<group>"; };
		6AEF4336293244930037A9F1 /* SceneDelegate.swift */ = {isa = PBXFileReference; lastKnownFileType = sourcecode.swift; path = SceneDelegate.swift; sourceTree = "<group>"; };
		6AEF4338293244930037A9F1 /* DiaryViewController.swift */ = {isa = PBXFileReference; lastKnownFileType = sourcecode.swift; path = DiaryViewController.swift; sourceTree = "<group>"; };
		6AEF433B293244930037A9F1 /* Base */ = {isa = PBXFileReference; lastKnownFileType = file.storyboard; name = Base; path = Base.lproj/Main.storyboard; sourceTree = "<group>"; };
		6AEF433D293244940037A9F1 /* Assets.xcassets */ = {isa = PBXFileReference; lastKnownFileType = folder.assetcatalog; path = Assets.xcassets; sourceTree = "<group>"; };
		6AEF4340293244940037A9F1 /* Base */ = {isa = PBXFileReference; lastKnownFileType = file.storyboard; name = Base; path = Base.lproj/LaunchScreen.storyboard; sourceTree = "<group>"; };
		6AEF4342293244940037A9F1 /* Info.plist */ = {isa = PBXFileReference; lastKnownFileType = text.plist.xml; path = Info.plist; sourceTree = "<group>"; };
/* End PBXFileReference section */

/* Begin PBXFrameworksBuildPhase section */
		6AEF432E293244930037A9F1 /* Frameworks */ = {
			isa = PBXFrameworksBuildPhase;
			buildActionMask = 2147483647;
			files = (
			);
			runOnlyForDeploymentPostprocessing = 0;
		};
/* End PBXFrameworksBuildPhase section */

/* Begin PBXGroup section */
		6A4114C429484660001EF788 /* Enum */ = {
			isa = PBXGroup;
			children = (
				6A4114C529484675001EF788 /* DiaryMode.swift */,
				6A568691294DB0D1003997A8 /* Section.swift */,
				6AE5180129554FC0007EE484 /* NotificationEnum.swift */,
			);
			path = Enum;
			sourceTree = "<group>";
		};
		6A6583A62946F62E006BE7E2 /* Formatters */ = {
			isa = PBXGroup;
			children = (
				6A6583A72946F6E9006BE7E2 /* DiaryFormat.swift */,
			);
			path = Formatters;
			sourceTree = "<group>";
		};
		6A6583A929470D76006BE7E2 /* Extensions */ = {
			isa = PBXGroup;
			children = (
				6A6583AA29470D8F006BE7E2 /* CALayer+Extension.swift */,
			);
			path = Extensions;
			sourceTree = "<group>";
		};
		6A768D92293477A900C53678 /* Diary */ = {
			isa = PBXGroup;
			children = (
				6AC05EFF2940D376000E0B8E /* DiaryModel */,
				6AEF4338293244930037A9F1 /* DiaryViewController.swift */,
				6A61FD1F2933ACFE00CC3FDD /* DiaryCollectionViewCell.swift */,
				6A3821152933BAAB002874BF /* WriteDiaryViewController.swift */,
			);
			path = Diary;
			sourceTree = "<group>";
		};
		6A768D93293477E400C53678 /* Star */ = {
			isa = PBXGroup;
			children = (
				6A61FD212933AD4C00CC3FDD /* StarViewController.swift */,
				6A61FD252933B0AA00CC3FDD /* StarCollectionViewCell.swift */,
			);
			path = Star;
			sourceTree = "<group>";
		};
		6A768D942934780500C53678 /* Delegate */ = {
			isa = PBXGroup;
			children = (
				6AEF4334293244930037A9F1 /* AppDelegate.swift */,
				6AEF4336293244930037A9F1 /* SceneDelegate.swift */,
			);
			path = Delegate;
			sourceTree = "<group>";
		};
		6A768D9929347B3800C53678 /* DiaryDetail */ = {
			isa = PBXGroup;
			children = (
				6A768D9729347AD100C53678 /* DiaryDetailViewController.swift */,
				6A768D9529347AC200C53678 /* DiaryDetailStoryboard.storyboard */,
			);
			path = DiaryDetail;
			sourceTree = "<group>";
		};
		6AC05EFF2940D376000E0B8E /* DiaryModel */ = {
			isa = PBXGroup;
			children = (
				6AC05F002940D388000E0B8E /* Diary.swift */,
			);
			path = DiaryModel;
			sourceTree = "<group>";
		};
		6AC05F022940D929000E0B8E /* Protocols */ = {
			isa = PBXGroup;
			children = (
				6AC05F032940D94C000E0B8E /* WriteDiaryDelegateProtocol.swift */,
			);
			path = Protocols;
			sourceTree = "<group>";
		};
		6AEF4328293244930037A9F1 = {
			isa = PBXGroup;
			children = (
				6AEF4333293244930037A9F1 /* Diary */,
				6AEF4332293244930037A9F1 /* Products */,
			);
			sourceTree = "<group>";
		};
		6AEF4332293244930037A9F1 /* Products */ = {
			isa = PBXGroup;
			children = (
				6AEF4331293244930037A9F1 /* Diary.app */,
			);
			name = Products;
			sourceTree = "<group>";
		};
		6AEF4333293244930037A9F1 /* Diary */ = {
			isa = PBXGroup;
			children = (
				6A4114C429484660001EF788 /* Enum */,
				6A6583A929470D76006BE7E2 /* Extensions */,
				6A6583A62946F62E006BE7E2 /* Formatters */,
				6AC05F022940D929000E0B8E /* Protocols */,
				6A768D942934780500C53678 /* Delegate */,
				6A768D92293477A900C53678 /* Diary */,
				6A768D93293477E400C53678 /* Star */,
				6A768D9929347B3800C53678 /* DiaryDetail */,
				6AEF433A293244930037A9F1 /* Main.storyboard */,
				6AEF433F293244940037A9F1 /* LaunchScreen.storyboard */,
				6AEF4342293244940037A9F1 /* Info.plist */,
				6AEF433D293244940037A9F1 /* Assets.xcassets */,
			);
			path = Diary;
			sourceTree = "<group>";
		};
/* End PBXGroup section */

/* Begin PBXNativeTarget section */
		6AEF4330293244930037A9F1 /* Diary */ = {
			isa = PBXNativeTarget;
			buildConfigurationList = 6AEF4345293244940037A9F1 /* Build configuration list for PBXNativeTarget "Diary" */;
			buildPhases = (
				6AEF432D293244930037A9F1 /* Sources */,
				6AEF432E293244930037A9F1 /* Frameworks */,
				6AEF432F293244930037A9F1 /* Resources */,
			);
			buildRules = (
			);
			dependencies = (
			);
			name = Diary;
			productName = Diary;
			productReference = 6AEF4331293244930037A9F1 /* Diary.app */;
			productType = "com.apple.product-type.application";
		};
/* End PBXNativeTarget section */

/* Begin PBXProject section */
		6AEF4329293244930037A9F1 /* Project object */ = {
			isa = PBXProject;
			attributes = {
				BuildIndependentTargetsInParallel = 1;
				LastSwiftUpdateCheck = 1330;
				LastUpgradeCheck = 1330;
				TargetAttributes = {
					6AEF4330293244930037A9F1 = {
						CreatedOnToolsVersion = 13.3;
					};
				};
			};
			buildConfigurationList = 6AEF432C293244930037A9F1 /* Build configuration list for PBXProject "Diary" */;
			compatibilityVersion = "Xcode 13.0";
			developmentRegion = en;
			hasScannedForEncodings = 0;
			knownRegions = (
				en,
				Base,
			);
			mainGroup = 6AEF4328293244930037A9F1;
			productRefGroup = 6AEF4332293244930037A9F1 /* Products */;
			projectDirPath = "";
			projectRoot = "";
			targets = (
				6AEF4330293244930037A9F1 /* Diary */,
			);
		};
/* End PBXProject section */

/* Begin PBXResourcesBuildPhase section */
		6AEF432F293244930037A9F1 /* Resources */ = {
			isa = PBXResourcesBuildPhase;
			buildActionMask = 2147483647;
			files = (
				6AEF4341293244940037A9F1 /* LaunchScreen.storyboard in Resources */,
				6AEF433E293244940037A9F1 /* Assets.xcassets in Resources */,
				6A768D9629347AC200C53678 /* DiaryDetailStoryboard.storyboard in Resources */,
				6AEF433C293244930037A9F1 /* Main.storyboard in Resources */,
			);
			runOnlyForDeploymentPostprocessing = 0;
		};
/* End PBXResourcesBuildPhase section */

/* Begin PBXSourcesBuildPhase section */
		6AEF432D293244930037A9F1 /* Sources */ = {
			isa = PBXSourcesBuildPhase;
			buildActionMask = 2147483647;
			files = (
				6AC05F042940D94C000E0B8E /* WriteDiaryDelegateProtocol.swift in Sources */,
				6A61FD202933ACFE00CC3FDD /* DiaryCollectionViewCell.swift in Sources */,
				6A6583A82946F6E9006BE7E2 /* DiaryFormat.swift in Sources */,
				6AE5180229554FC0007EE484 /* NotificationEnum.swift in Sources */,
				6A3821162933BAAB002874BF /* WriteDiaryViewController.swift in Sources */,
				6AEF4339293244930037A9F1 /* DiaryViewController.swift in Sources */,
				6A61FD262933B0AA00CC3FDD /* StarCollectionViewCell.swift in Sources */,
				6A4114C629484675001EF788 /* DiaryMode.swift in Sources */,
				6AEF4335293244930037A9F1 /* AppDelegate.swift in Sources */,
				6AC05F012940D388000E0B8E /* Diary.swift in Sources */,
				6AEF4337293244930037A9F1 /* SceneDelegate.swift in Sources */,
				6A61FD222933AD4C00CC3FDD /* StarViewController.swift in Sources */,
				6A568692294DB0D1003997A8 /* Section.swift in Sources */,
				6A768D9829347AD100C53678 /* DiaryDetailViewController.swift in Sources */,
				6A6583AB29470D8F006BE7E2 /* CALayer+Extension.swift in Sources */,
			);
			runOnlyForDeploymentPostprocessing = 0;
		};
/* End PBXSourcesBuildPhase section */

/* Begin PBXVariantGroup section */
		6AEF433A293244930037A9F1 /* Main.storyboard */ = {
			isa = PBXVariantGroup;
			children = (
				6AEF433B293244930037A9F1 /* Base */,
			);
			name = Main.storyboard;
			sourceTree = "<group>";
		};
		6AEF433F293244940037A9F1 /* LaunchScreen.storyboard */ = {
			isa = PBXVariantGroup;
			children = (
				6AEF4340293244940037A9F1 /* Base */,
			);
			name = LaunchScreen.storyboard;
			sourceTree = "<group>";
		};
/* End PBXVariantGroup section */

/* Begin XCBuildConfiguration section */
		6AEF4343293244940037A9F1 /* Debug */ = {
			isa = XCBuildConfiguration;
			buildSettings = {
				ALWAYS_SEARCH_USER_PATHS = NO;
				CLANG_ANALYZER_NONNULL = YES;
				CLANG_ANALYZER_NUMBER_OBJECT_CONVERSION = YES_AGGRESSIVE;
				CLANG_CXX_LANGUAGE_STANDARD = "gnu++17";
				CLANG_ENABLE_MODULES = YES;
				CLANG_ENABLE_OBJC_ARC = YES;
				CLANG_ENABLE_OBJC_WEAK = YES;
				CLANG_WARN_BLOCK_CAPTURE_AUTORELEASING = YES;
				CLANG_WARN_BOOL_CONVERSION = YES;
				CLANG_WARN_COMMA = YES;
				CLANG_WARN_CONSTANT_CONVERSION = YES;
				CLANG_WARN_DEPRECATED_OBJC_IMPLEMENTATIONS = YES;
				CLANG_WARN_DIRECT_OBJC_ISA_USAGE = YES_ERROR;
				CLANG_WARN_DOCUMENTATION_COMMENTS = YES;
				CLANG_WARN_EMPTY_BODY = YES;
				CLANG_WARN_ENUM_CONVERSION = YES;
				CLANG_WARN_INFINITE_RECURSION = YES;
				CLANG_WARN_INT_CONVERSION = YES;
				CLANG_WARN_NON_LITERAL_NULL_CONVERSION = YES;
				CLANG_WARN_OBJC_IMPLICIT_RETAIN_SELF = YES;
				CLANG_WARN_OBJC_LITERAL_CONVERSION = YES;
				CLANG_WARN_OBJC_ROOT_CLASS = YES_ERROR;
				CLANG_WARN_QUOTED_INCLUDE_IN_FRAMEWORK_HEADER = YES;
				CLANG_WARN_RANGE_LOOP_ANALYSIS = YES;
				CLANG_WARN_STRICT_PROTOTYPES = YES;
				CLANG_WARN_SUSPICIOUS_MOVE = YES;
				CLANG_WARN_UNGUARDED_AVAILABILITY = YES_AGGRESSIVE;
				CLANG_WARN_UNREACHABLE_CODE = YES;
				CLANG_WARN__DUPLICATE_METHOD_MATCH = YES;
				COPY_PHASE_STRIP = NO;
				DEBUG_INFORMATION_FORMAT = dwarf;
				ENABLE_STRICT_OBJC_MSGSEND = YES;
				ENABLE_TESTABILITY = YES;
				GCC_C_LANGUAGE_STANDARD = gnu11;
				GCC_DYNAMIC_NO_PIC = NO;
				GCC_NO_COMMON_BLOCKS = YES;
				GCC_OPTIMIZATION_LEVEL = 0;
				GCC_PREPROCESSOR_DEFINITIONS = (
					"DEBUG=1",
					"$(inherited)",
				);
				GCC_WARN_64_TO_32_BIT_CONVERSION = YES;
				GCC_WARN_ABOUT_RETURN_TYPE = YES_ERROR;
				GCC_WARN_UNDECLARED_SELECTOR = YES;
				GCC_WARN_UNINITIALIZED_AUTOS = YES_AGGRESSIVE;
				GCC_WARN_UNUSED_FUNCTION = YES;
				GCC_WARN_UNUSED_VARIABLE = YES;
				IPHONEOS_DEPLOYMENT_TARGET = 15.4;
				MTL_ENABLE_DEBUG_INFO = INCLUDE_SOURCE;
				MTL_FAST_MATH = YES;
				ONLY_ACTIVE_ARCH = YES;
				SDKROOT = iphoneos;
				SWIFT_ACTIVE_COMPILATION_CONDITIONS = DEBUG;
				SWIFT_OPTIMIZATION_LEVEL = "-Onone";
			};
			name = Debug;
		};
		6AEF4344293244940037A9F1 /* Release */ = {
			isa = XCBuildConfiguration;
			buildSettings = {
				ALWAYS_SEARCH_USER_PATHS = NO;
				CLANG_ANALYZER_NONNULL = YES;
				CLANG_ANALYZER_NUMBER_OBJECT_CONVERSION = YES_AGGRESSIVE;
				CLANG_CXX_LANGUAGE_STANDARD = "gnu++17";
				CLANG_ENABLE_MODULES = YES;
				CLANG_ENABLE_OBJC_ARC = YES;
				CLANG_ENABLE_OBJC_WEAK = YES;
				CLANG_WARN_BLOCK_CAPTURE_AUTORELEASING = YES;
				CLANG_WARN_BOOL_CONVERSION = YES;
				CLANG_WARN_COMMA = YES;
				CLANG_WARN_CONSTANT_CONVERSION = YES;
				CLANG_WARN_DEPRECATED_OBJC_IMPLEMENTATIONS = YES;
				CLANG_WARN_DIRECT_OBJC_ISA_USAGE = YES_ERROR;
				CLANG_WARN_DOCUMENTATION_COMMENTS = YES;
				CLANG_WARN_EMPTY_BODY = YES;
				CLANG_WARN_ENUM_CONVERSION = YES;
				CLANG_WARN_INFINITE_RECURSION = YES;
				CLANG_WARN_INT_CONVERSION = YES;
				CLANG_WARN_NON_LITERAL_NULL_CONVERSION = YES;
				CLANG_WARN_OBJC_IMPLICIT_RETAIN_SELF = YES;
				CLANG_WARN_OBJC_LITERAL_CONVERSION = YES;
				CLANG_WARN_OBJC_ROOT_CLASS = YES_ERROR;
				CLANG_WARN_QUOTED_INCLUDE_IN_FRAMEWORK_HEADER = YES;
				CLANG_WARN_RANGE_LOOP_ANALYSIS = YES;
				CLANG_WARN_STRICT_PROTOTYPES = YES;
				CLANG_WARN_SUSPICIOUS_MOVE = YES;
				CLANG_WARN_UNGUARDED_AVAILABILITY = YES_AGGRESSIVE;
				CLANG_WARN_UNREACHABLE_CODE = YES;
				CLANG_WARN__DUPLICATE_METHOD_MATCH = YES;
				COPY_PHASE_STRIP = NO;
				DEBUG_INFORMATION_FORMAT = "dwarf-with-dsym";
				ENABLE_NS_ASSERTIONS = NO;
				ENABLE_STRICT_OBJC_MSGSEND = YES;
				GCC_C_LANGUAGE_STANDARD = gnu11;
				GCC_NO_COMMON_BLOCKS = YES;
				GCC_WARN_64_TO_32_BIT_CONVERSION = YES;
				GCC_WARN_ABOUT_RETURN_TYPE = YES_ERROR;
				GCC_WARN_UNDECLARED_SELECTOR = YES;
				GCC_WARN_UNINITIALIZED_AUTOS = YES_AGGRESSIVE;
				GCC_WARN_UNUSED_FUNCTION = YES;
				GCC_WARN_UNUSED_VARIABLE = YES;
				IPHONEOS_DEPLOYMENT_TARGET = 15.4;
				MTL_ENABLE_DEBUG_INFO = NO;
				MTL_FAST_MATH = YES;
				SDKROOT = iphoneos;
				SWIFT_COMPILATION_MODE = wholemodule;
				SWIFT_OPTIMIZATION_LEVEL = "-O";
				VALIDATE_PRODUCT = YES;
			};
			name = Release;
		};
		6AEF4346293244940037A9F1 /* Debug */ = {
			isa = XCBuildConfiguration;
			buildSettings = {
				ASSETCATALOG_COMPILER_APPICON_NAME = AppIcon;
				ASSETCATALOG_COMPILER_GLOBAL_ACCENT_COLOR_NAME = AccentColor;
				CODE_SIGN_STYLE = Automatic;
				CURRENT_PROJECT_VERSION = 1;
				DEVELOPMENT_TEAM = 3M644FQ97H;
				GENERATE_INFOPLIST_FILE = YES;
				INFOPLIST_FILE = Diary/Info.plist;
				INFOPLIST_KEY_UIApplicationSupportsIndirectInputEvents = YES;
				INFOPLIST_KEY_UILaunchStoryboardName = LaunchScreen;
				INFOPLIST_KEY_UIMainStoryboardFile = Main;
				INFOPLIST_KEY_UIStatusBarStyle = "";
				INFOPLIST_KEY_UISupportedInterfaceOrientations = UIInterfaceOrientationPortrait;
				LD_RUNPATH_SEARCH_PATHS = (
					"$(inherited)",
					"@executable_path/Frameworks",
				);
				MARKETING_VERSION = 1.0;
				PRODUCT_BUNDLE_IDENTIFIER = com.KayDiary;
				PRODUCT_NAME = "$(TARGET_NAME)";
				SWIFT_EMIT_LOC_STRINGS = YES;
				SWIFT_VERSION = 5.0;
				TARGETED_DEVICE_FAMILY = "1,2";
			};
			name = Debug;
		};
		6AEF4347293244940037A9F1 /* Release */ = {
			isa = XCBuildConfiguration;
			buildSettings = {
				ASSETCATALOG_COMPILER_APPICON_NAME = AppIcon;
				ASSETCATALOG_COMPILER_GLOBAL_ACCENT_COLOR_NAME = AccentColor;
				CODE_SIGN_STYLE = Automatic;
				CURRENT_PROJECT_VERSION = 1;
				DEVELOPMENT_TEAM = 3M644FQ97H;
				GENERATE_INFOPLIST_FILE = YES;
				INFOPLIST_FILE = Diary/Info.plist;
				INFOPLIST_KEY_UIApplicationSupportsIndirectInputEvents = YES;
				INFOPLIST_KEY_UILaunchStoryboardName = LaunchScreen;
				INFOPLIST_KEY_UIMainStoryboardFile = Main;
				INFOPLIST_KEY_UIStatusBarStyle = "";
				INFOPLIST_KEY_UISupportedInterfaceOrientations = UIInterfaceOrientationPortrait;
				LD_RUNPATH_SEARCH_PATHS = (
					"$(inherited)",
					"@executable_path/Frameworks",
				);
				MARKETING_VERSION = 1.0;
				PRODUCT_BUNDLE_IDENTIFIER = com.KayDiary;
				PRODUCT_NAME = "$(TARGET_NAME)";
				SWIFT_EMIT_LOC_STRINGS = YES;
				SWIFT_VERSION = 5.0;
				TARGETED_DEVICE_FAMILY = "1,2";
			};
			name = Release;
		};
/* End XCBuildConfiguration section */

/* Begin XCConfigurationList section */
		6AEF432C293244930037A9F1 /* Build configuration list for PBXProject "Diary" */ = {
			isa = XCConfigurationList;
			buildConfigurations = (
				6AEF4343293244940037A9F1 /* Debug */,
				6AEF4344293244940037A9F1 /* Release */,
			);
			defaultConfigurationIsVisible = 0;
			defaultConfigurationName = Release;
		};
		6AEF4345293244940037A9F1 /* Build configuration list for PBXNativeTarget "Diary" */ = {
			isa = XCConfigurationList;
			buildConfigurations = (
				6AEF4346293244940037A9F1 /* Debug */,
				6AEF4347293244940037A9F1 /* Release */,
			);
			defaultConfigurationIsVisible = 0;
			defaultConfigurationName = Release;
		};
/* End XCConfigurationList section */
	};
	rootObject = 6AEF4329293244930037A9F1 /* Project object */;
}
